
Microsoft Visual Studio Solution File, Format Version 12.00
# Visual Studio 2012
Project("{FAE04EC0-301F-11D3-BF4B-00C04F79EFBC}") = "MyAmazon", "MyAmazon\MyAmazon.csproj", "{84B91B2C-0CDE-446B-A803-37C34DCFE395}"
EndProject
Global
	GlobalSection(SolutionConfigurationPlatforms) = preSolution
		Debug|Any CPU = Debug|Any CPU
		Release|Any CPU = Release|Any CPU
	EndGlobalSection
	GlobalSection(ProjectConfigurationPlatforms) = postSolution
		{84B91B2C-0CDE-446B-A803-37C34DCFE395}.Debug|Any CPU.ActiveCfg = Debug|Any CPU
		{84B91B2C-0CDE-446B-A803-37C34DCFE395}.Debug|Any CPU.Build.0 = Debug|Any CPU
		{84B91B2C-0CDE-446B-A803-37C34DCFE395}.Release|Any CPU.ActiveCfg = Release|Any CPU
		{84B91B2C-0CDE-446B-A803-37C34DCFE395}.Release|Any CPU.Build.0 = Release|Any CPU
	EndGlobalSection
	GlobalSection(SolutionProperties) = preSolution
		HideSolutionNode = FALSE
	EndGlobalSection
EndGlobal
